// !$*UTF8*$!
{
	archiveVersion = 1;
	classes = {
	};
	objectVersion = 50;
	objects = {

/* Begin PBXBuildFile section */
		4B6AA3B222C4641B0053970F /* AppDelegate.m in Sources */ = {isa = PBXBuildFile; fileRef = 4B6AA3B122C4641B0053970F /* AppDelegate.m */; };
		4B6AA3B522C4641B0053970F /* ViewController.m in Sources */ = {isa = PBXBuildFile; fileRef = 4B6AA3B422C4641B0053970F /* ViewController.m */; };
		4B6AA3B822C4641B0053970F /* Main.storyboard in Resources */ = {isa = PBXBuildFile; fileRef = 4B6AA3B622C4641B0053970F /* Main.storyboard */; };
		4B6AA3BA22C4641D0053970F /* Assets.xcassets in Resources */ = {isa = PBXBuildFile; fileRef = 4B6AA3B922C4641D0053970F /* Assets.xcassets */; };
		4B6AA3BD22C4641D0053970F /* LaunchScreen.storyboard in Resources */ = {isa = PBXBuildFile; fileRef = 4B6AA3BB22C4641D0053970F /* LaunchScreen.storyboard */; };
		4B6AA3C022C4641D0053970F /* main.m in Sources */ = {isa = PBXBuildFile; fileRef = 4B6AA3BF22C4641D0053970F /* main.m */; };
		4B6AA3CA22C4641D0053970F /* TextFieldFormatTests.m in Sources */ = {isa = PBXBuildFile; fileRef = 4B6AA3C922C4641D0053970F /* TextFieldFormatTests.m */; };
		4B6AA3D522C4641D0053970F /* TextFieldFormatUITests.m in Sources */ = {isa = PBXBuildFile; fileRef = 4B6AA3D422C4641D0053970F /* TextFieldFormatUITests.m */; };
		4B6AA3EE22C466010053970F /* HmBankCard.m in Sources */ = {isa = PBXBuildFile; fileRef = 4B6AA3EB22C466010053970F /* HmBankCard.m */; };
		4B6AA3EF22C466010053970F /* HmPhoneNum.m in Sources */ = {isa = PBXBuildFile; fileRef = 4B6AA3EC22C466010053970F /* HmPhoneNum.m */; };
/* End PBXBuildFile section */

/* Begin PBXContainerItemProxy section */
		4B6AA3C622C4641D0053970F /* PBXContainerItemProxy */ = {
			isa = PBXContainerItemProxy;
			containerPortal = 4B6AA3A522C4641B0053970F /* Project object */;
			proxyType = 1;
			remoteGlobalIDString = 4B6AA3AC22C4641B0053970F;
			remoteInfo = TextFieldFormat;
		};
		4B6AA3D122C4641D0053970F /* PBXContainerItemProxy */ = {
			isa = PBXContainerItemProxy;
			containerPortal = 4B6AA3A522C4641B0053970F /* Project object */;
			proxyType = 1;
			remoteGlobalIDString = 4B6AA3AC22C4641B0053970F;
			remoteInfo = TextFieldFormat;
		};
/* End PBXContainerItemProxy section */

/* Begin PBXFileReference section */
		4B6AA3AD22C4641B0053970F /* TextFieldFormat.app */ = {isa = PBXFileReference; explicitFileType = wrapper.application; includeInIndex = 0; path = TextFieldFormat.app; sourceTree = BUILT_PRODUCTS_DIR; };
		4B6AA3B022C4641B0053970F /* AppDelegate.h */ = {isa = PBXFileReference; lastKnownFileType = sourcecode.c.h; path = AppDelegate.h; sourceTree = "<group>"; };
		4B6AA3B122C4641B0053970F /* AppDelegate.m */ = {isa = PBXFileReference; lastKnownFileType = sourcecode.c.objc; path = AppDelegate.m; sourceTree = "<group>"; };
		4B6AA3B322C4641B0053970F /* ViewController.h */ = {isa = PBXFileReference; lastKnownFileType = sourcecode.c.h; path = ViewController.h; sourceTree = "<group>"; };
		4B6AA3B422C4641B0053970F /* ViewController.m */ = {isa = PBXFileReference; lastKnownFileType = sourcecode.c.objc; path = ViewController.m; sourceTree = "<group>"; };
		4B6AA3B722C4641B0053970F /* Base */ = {isa = PBXFileReference; lastKnownFileType = file.storyboard; name = Base; path = Base.lproj/Main.storyboard; sourceTree = "<group>"; };
		4B6AA3B922C4641D0053970F /* Assets.xcassets */ = {isa = PBXFileReference; lastKnownFileType = folder.assetcatalog; path = Assets.xcassets; sourceTree = "<group>"; };
		4B6AA3BC22C4641D0053970F /* Base */ = {isa = PBXFileReference; lastKnownFileType = file.storyboard; name = Base; path = Base.lproj/LaunchScreen.storyboard; sourceTree = "<group>"; };
		4B6AA3BE22C4641D0053970F /* Info.plist */ = {isa = PBXFileReference; lastKnownFileType = text.plist.xml; path = Info.plist; sourceTree = "<group>"; };
		4B6AA3BF22C4641D0053970F /* main.m */ = {isa = PBXFileReference; lastKnownFileType = sourcecode.c.objc; path = main.m; sourceTree = "<group>"; };
		4B6AA3C522C4641D0053970F /* TextFieldFormatTests.xctest */ = {isa = PBXFileReference; explicitFileType = wrapper.cfbundle; includeInIndex = 0; path = TextFieldFormatTests.xctest; sourceTree = BUILT_PRODUCTS_DIR; };
		4B6AA3C922C4641D0053970F /* TextFieldFormatTests.m */ = {isa = PBXFileReference; lastKnownFileType = sourcecode.c.objc; path = TextFieldFormatTests.m; sourceTree = "<group>"; };
		4B6AA3CB22C4641D0053970F /* Info.plist */ = {isa = PBXFileReference; lastKnownFileType = text.plist.xml; path = Info.plist; sourceTree = "<group>"; };
		4B6AA3D022C4641D0053970F /* TextFieldFormatUITests.xctest */ = {isa = PBXFileReference; explicitFileType = wrapper.cfbundle; includeInIndex = 0; path = TextFieldFormatUITests.xctest; sourceTree = BUILT_PRODUCTS_DIR; };
		4B6AA3D422C4641D0053970F /* TextFieldFormatUITests.m */ = {isa = PBXFileReference; lastKnownFileType = sourcecode.c.objc; path = TextFieldFormatUITests.m; sourceTree = "<group>"; };
		4B6AA3D622C4641D0053970F /* Info.plist */ = {isa = PBXFileReference; lastKnownFileType = text.plist.xml; path = Info.plist; sourceTree = "<group>"; };
		4B6AA3EA22C466010053970F /* HmPhoneNum.h */ = {isa = PBXFileReference; fileEncoding = 4; lastKnownFileType = sourcecode.c.h; path = HmPhoneNum.h; sourceTree = "<group>"; };
		4B6AA3EB22C466010053970F /* HmBankCard.m */ = {isa = PBXFileReference; fileEncoding = 4; lastKnownFileType = sourcecode.c.objc; path = HmBankCard.m; sourceTree = "<group>"; };
		4B6AA3EC22C466010053970F /* HmPhoneNum.m */ = {isa = PBXFileReference; fileEncoding = 4; lastKnownFileType = sourcecode.c.objc; path = HmPhoneNum.m; sourceTree = "<group>"; };
		4B6AA3ED22C466010053970F /* HmBankCard.h */ = {isa = PBXFileReference; fileEncoding = 4; lastKnownFileType = sourcecode.c.h; path = HmBankCard.h; sourceTree = "<group>"; };
/* End PBXFileReference section */

/* Begin PBXFrameworksBuildPhase section */
		4B6AA3AA22C4641B0053970F /* Frameworks */ = {
			isa = PBXFrameworksBuildPhase;
			buildActionMask = 2147483647;
			files = (
			);
			runOnlyForDeploymentPostprocessing = 0;
		};
		4B6AA3C222C4641D0053970F /* Frameworks */ = {
			isa = PBXFrameworksBuildPhase;
			buildActionMask = 2147483647;
			files = (
			);
			runOnlyForDeploymentPostprocessing = 0;
		};
		4B6AA3CD22C4641D0053970F /* Frameworks */ = {
			isa = PBXFrameworksBuildPhase;
			buildActionMask = 2147483647;
			files = (
			);
			runOnlyForDeploymentPostprocessing = 0;
		};
/* End PBXFrameworksBuildPhase section */

/* Begin PBXGroup section */
		4B6AA3A422C4641B0053970F = {
			isa = PBXGroup;
			children = (
				4B6AA3AF22C4641B0053970F /* TextFieldFormat */,
				4B6AA3C822C4641D0053970F /* TextFieldFormatTests */,
				4B6AA3D322C4641D0053970F /* TextFieldFormatUITests */,
				4B6AA3AE22C4641B0053970F /* Products */,
			);
			sourceTree = "<group>";
		};
		4B6AA3AE22C4641B0053970F /* Products */ = {
			isa = PBXGroup;
			children = (
				4B6AA3AD22C4641B0053970F /* TextFieldFormat.app */,
				4B6AA3C522C4641D0053970F /* TextFieldFormatTests.xctest */,
				4B6AA3D022C4641D0053970F /* TextFieldFormatUITests.xctest */,
			);
			name = Products;
			sourceTree = "<group>";
		};
		4B6AA3AF22C4641B0053970F /* TextFieldFormat */ = {
			isa = PBXGroup;
			children = (
				4B6AA3E922C466010053970F /* HmTextFieldFormat */,
				4B6AA3B022C4641B0053970F /* AppDelegate.h */,
				4B6AA3B122C4641B0053970F /* AppDelegate.m */,
				4B6AA3B322C4641B0053970F /* ViewController.h */,
				4B6AA3B422C4641B0053970F /* ViewController.m */,
				4B6AA3B622C4641B0053970F /* Main.storyboard */,
				4B6AA3B922C4641D0053970F /* Assets.xcassets */,
				4B6AA3BB22C4641D0053970F /* LaunchScreen.storyboard */,
				4B6AA3BE22C4641D0053970F /* Info.plist */,
				4B6AA3BF22C4641D0053970F /* main.m */,
			);
			path = TextFieldFormat;
			sourceTree = "<group>";
		};
		4B6AA3C822C4641D0053970F /* TextFieldFormatTests */ = {
			isa = PBXGroup;
			children = (
				4B6AA3C922C4641D0053970F /* TextFieldFormatTests.m */,
				4B6AA3CB22C4641D0053970F /* Info.plist */,
			);
			path = TextFieldFormatTests;
			sourceTree = "<group>";
		};
		4B6AA3D322C4641D0053970F /* TextFieldFormatUITests */ = {
			isa = PBXGroup;
			children = (
				4B6AA3D422C4641D0053970F /* TextFieldFormatUITests.m */,
				4B6AA3D622C4641D0053970F /* Info.plist */,
			);
			path = TextFieldFormatUITests;
			sourceTree = "<group>";
		};
		4B6AA3E922C466010053970F /* HmTextFieldFormat */ = {
			isa = PBXGroup;
			children = (
				4B6AA3EA22C466010053970F /* HmPhoneNum.h */,
				4B6AA3EB22C466010053970F /* HmBankCard.m */,
				4B6AA3EC22C466010053970F /* HmPhoneNum.m */,
				4B6AA3ED22C466010053970F /* HmBankCard.h */,
			);
			path = HmTextFieldFormat;
			sourceTree = SOURCE_ROOT;
		};
/* End PBXGroup section */

/* Begin PBXNativeTarget section */
		4B6AA3AC22C4641B0053970F /* TextFieldFormat */ = {
			isa = PBXNativeTarget;
			buildConfigurationList = 4B6AA3D922C4641D0053970F /* Build configuration list for PBXNativeTarget "TextFieldFormat" */;
			buildPhases = (
				4B6AA3A922C4641B0053970F /* Sources */,
				4B6AA3AA22C4641B0053970F /* Frameworks */,
				4B6AA3AB22C4641B0053970F /* Resources */,
			);
			buildRules = (
			);
			dependencies = (
			);
			name = TextFieldFormat;
			productName = TextFieldFormat;
			productReference = 4B6AA3AD22C4641B0053970F /* TextFieldFormat.app */;
			productType = "com.apple.product-type.application";
		};
		4B6AA3C422C4641D0053970F /* TextFieldFormatTests */ = {
			isa = PBXNativeTarget;
			buildConfigurationList = 4B6AA3DC22C4641D0053970F /* Build configuration list for PBXNativeTarget "TextFieldFormatTests" */;
			buildPhases = (
				4B6AA3C122C4641D0053970F /* Sources */,
				4B6AA3C222C4641D0053970F /* Frameworks */,
				4B6AA3C322C4641D0053970F /* Resources */,
			);
			buildRules = (
			);
			dependencies = (
				4B6AA3C722C4641D0053970F /* PBXTargetDependency */,
			);
			name = TextFieldFormatTests;
			productName = TextFieldFormatTests;
			productReference = 4B6AA3C522C4641D0053970F /* TextFieldFormatTests.xctest */;
			productType = "com.apple.product-type.bundle.unit-test";
		};
		4B6AA3CF22C4641D0053970F /* TextFieldFormatUITests */ = {
			isa = PBXNativeTarget;
			buildConfigurationList = 4B6AA3DF22C4641D0053970F /* Build configuration list for PBXNativeTarget "TextFieldFormatUITests" */;
			buildPhases = (
				4B6AA3CC22C4641D0053970F /* Sources */,
				4B6AA3CD22C4641D0053970F /* Frameworks */,
				4B6AA3CE22C4641D0053970F /* Resources */,
			);
			buildRules = (
			);
			dependencies = (
				4B6AA3D222C4641D0053970F /* PBXTargetDependency */,
			);
			name = TextFieldFormatUITests;
			productName = TextFieldFormatUITests;
			productReference = 4B6AA3D022C4641D0053970F /* TextFieldFormatUITests.xctest */;
			productType = "com.apple.product-type.bundle.ui-testing";
		};
/* End PBXNativeTarget section */

/* Begin PBXProject section */
		4B6AA3A522C4641B0053970F /* Project object */ = {
			isa = PBXProject;
			attributes = {
				LastUpgradeCheck = 1020;
				ORGANIZATIONNAME = HouMeng;
				TargetAttributes = {
					4B6AA3AC22C4641B0053970F = {
						CreatedOnToolsVersion = 10.2.1;
					};
					4B6AA3C422C4641D0053970F = {
						CreatedOnToolsVersion = 10.2.1;
						TestTargetID = 4B6AA3AC22C4641B0053970F;
					};
					4B6AA3CF22C4641D0053970F = {
						CreatedOnToolsVersion = 10.2.1;
						TestTargetID = 4B6AA3AC22C4641B0053970F;
					};
				};
			};
			buildConfigurationList = 4B6AA3A822C4641B0053970F /* Build configuration list for PBXProject "TextFieldFormat" */;
			compatibilityVersion = "Xcode 9.3";
			developmentRegion = en;
			hasScannedForEncodings = 0;
			knownRegions = (
				en,
				Base,
			);
			mainGroup = 4B6AA3A422C4641B0053970F;
			productRefGroup = 4B6AA3AE22C4641B0053970F /* Products */;
			projectDirPath = "";
			projectRoot = "";
			targets = (
				4B6AA3AC22C4641B0053970F /* TextFieldFormat */,
				4B6AA3C422C4641D0053970F /* TextFieldFormatTests */,
				4B6AA3CF22C4641D0053970F /* TextFieldFormatUITests */,
			);
		};
/* End PBXProject section */

/* Begin PBXResourcesBuildPhase section */
		4B6AA3AB22C4641B0053970F /* Resources */ = {
			isa = PBXResourcesBuildPhase;
			buildActionMask = 2147483647;
			files = (
				4B6AA3BD22C4641D0053970F /* LaunchScreen.storyboard in Resources */,
				4B6AA3BA22C4641D0053970F /* Assets.xcassets in Resources */,
				4B6AA3B822C4641B0053970F /* Main.storyboard in Resources */,
			);
			runOnlyForDeploymentPostprocessing = 0;
		};
		4B6AA3C322C4641D0053970F /* Resources */ = {
			isa = PBXResourcesBuildPhase;
			buildActionMask = 2147483647;
			files = (
			);
			runOnlyForDeploymentPostprocessing = 0;
		};
		4B6AA3CE22C4641D0053970F /* Resources */ = {
			isa = PBXResourcesBuildPhase;
			buildActionMask = 2147483647;
			files = (
			);
			runOnlyForDeploymentPostprocessing = 0;
		};
/* End PBXResourcesBuildPhase section */

/* Begin PBXSourcesBuildPhase section */
		4B6AA3A922C4641B0053970F /* Sources */ = {
			isa = PBXSourcesBuildPhase;
			buildActionMask = 2147483647;
			files = (
				4B6AA3B522C4641B0053970F /* ViewController.m in Sources */,
				4B6AA3C022C4641D0053970F /* main.m in Sources */,
				4B6AA3EE22C466010053970F /* HmBankCard.m in Sources */,
				4B6AA3EF22C466010053970F /* HmPhoneNum.m in Sources */,
				4B6AA3B222C4641B0053970F /* AppDelegate.m in Sources */,
			);
			runOnlyForDeploymentPostprocessing = 0;
		};
		4B6AA3C122C4641D0053970F /* Sources */ = {
			isa = PBXSourcesBuildPhase;
			buildActionMask = 2147483647;
			files = (
				4B6AA3CA22C4641D0053970F /* TextFieldFormatTests.m in Sources */,
			);
			runOnlyForDeploymentPostprocessing = 0;
		};
		4B6AA3CC22C4641D0053970F /* Sources */ = {
			isa = PBXSourcesBuildPhase;
			buildActionMask = 2147483647;
			files = (
				4B6AA3D522C4641D0053970F /* TextFieldFormatUITests.m in Sources */,
			);
			runOnlyForDeploymentPostprocessing = 0;
		};
/* End PBXSourcesBuildPhase section */

/* Begin PBXTargetDependency section */
		4B6AA3C722C4641D0053970F /* PBXTargetDependency */ = {
			isa = PBXTargetDependency;
			target = 4B6AA3AC22C4641B0053970F /* TextFieldFormat */;
			targetProxy = 4B6AA3C622C4641D0053970F /* PBXContainerItemProxy */;
		};
		4B6AA3D222C4641D0053970F /* PBXTargetDependency */ = {
			isa = PBXTargetDependency;
			target = 4B6AA3AC22C4641B0053970F /* TextFieldFormat */;
			targetProxy = 4B6AA3D122C4641D0053970F /* PBXContainerItemProxy */;
		};
/* End PBXTargetDependency section */

/* Begin PBXVariantGroup section */
		4B6AA3B622C4641B0053970F /* Main.storyboard */ = {
			isa = PBXVariantGroup;
			children = (
				4B6AA3B722C4641B0053970F /* Base */,
			);
			name = Main.storyboard;
			sourceTree = "<group>";
		};
		4B6AA3BB22C4641D0053970F /* LaunchScreen.storyboard */ = {
			isa = PBXVariantGroup;
			children = (
				4B6AA3BC22C4641D0053970F /* Base */,
			);
			name = LaunchScreen.storyboard;
			sourceTree = "<group>";
		};
/* End PBXVariantGroup section */

/* Begin XCBuildConfiguration section */
		4B6AA3D722C4641D0053970F /* Debug */ = {
			isa = XCBuildConfiguration;
			buildSettings = {
				ALWAYS_SEARCH_USER_PATHS = NO;
				CLANG_ANALYZER_NONNULL = YES;
				CLANG_ANALYZER_NUMBER_OBJECT_CONVERSION = YES_AGGRESSIVE;
				CLANG_CXX_LANGUAGE_STANDARD = "gnu++14";
				CLANG_CXX_LIBRARY = "libc++";
				CLANG_ENABLE_MODULES = YES;
				CLANG_ENABLE_OBJC_ARC = YES;
				CLANG_ENABLE_OBJC_WEAK = YES;
				CLANG_WARN_BLOCK_CAPTURE_AUTORELEASING = YES;
				CLANG_WARN_BOOL_CONVERSION = YES;
				CLANG_WARN_COMMA = YES;
				CLANG_WARN_CONSTANT_CONVERSION = YES;
				CLANG_WARN_DEPRECATED_OBJC_IMPLEMENTATIONS = YES;
				CLANG_WARN_DIRECT_OBJC_ISA_USAGE = YES_ERROR;
				CLANG_WARN_DOCUMENTATION_COMMENTS = YES;
				CLANG_WARN_EMPTY_BODY = YES;
				CLANG_WARN_ENUM_CONVERSION = YES;
				CLANG_WARN_INFINITE_RECURSION = YES;
				CLANG_WARN_INT_CONVERSION = YES;
				CLANG_WARN_NON_LITERAL_NULL_CONVERSION = YES;
				CLANG_WARN_OBJC_IMPLICIT_RETAIN_SELF = YES;
				CLANG_WARN_OBJC_LITERAL_CONVERSION = YES;
				CLANG_WARN_OBJC_ROOT_CLASS = YES_ERROR;
				CLANG_WARN_RANGE_LOOP_ANALYSIS = YES;
				CLANG_WARN_STRICT_PROTOTYPES = YES;
				CLANG_WARN_SUSPICIOUS_MOVE = YES;
				CLANG_WARN_UNGUARDED_AVAILABILITY = YES_AGGRESSIVE;
				CLANG_WARN_UNREACHABLE_CODE = YES;
				CLANG_WARN__DUPLICATE_METHOD_MATCH = YES;
				CODE_SIGN_IDENTITY = "iPhone Developer";
				COPY_PHASE_STRIP = NO;
				DEBUG_INFORMATION_FORMAT = dwarf;
				ENABLE_STRICT_OBJC_MSGSEND = YES;
				ENABLE_TESTABILITY = YES;
				GCC_C_LANGUAGE_STANDARD = gnu11;
				GCC_DYNAMIC_NO_PIC = NO;
				GCC_NO_COMMON_BLOCKS = YES;
				GCC_OPTIMIZATION_LEVEL = 0;
				GCC_PREPROCESSOR_DEFINITIONS = (
					"DEBUG=1",
					"$(inherited)",
				);
				GCC_WARN_64_TO_32_BIT_CONVERSION = YES;
				GCC_WARN_ABOUT_RETURN_TYPE = YES_ERROR;
				GCC_WARN_UNDECLARED_SELECTOR = YES;
				GCC_WARN_UNINITIALIZED_AUTOS = YES_AGGRESSIVE;
				GCC_WARN_UNUSED_FUNCTION = YES;
				GCC_WARN_UNUSED_VARIABLE = YES;
				IPHONEOS_DEPLOYMENT_TARGET = 12.2;
				MTL_ENABLE_DEBUG_INFO = INCLUDE_SOURCE;
				MTL_FAST_MATH = YES;
				ONLY_ACTIVE_ARCH = YES;
				SDKROOT = iphoneos;
			};
			name = Debug;
		};
		4B6AA3D822C4641D0053970F /* Release */ = {
			isa = XCBuildConfiguration;
			buildSettings = {
				ALWAYS_SEARCH_USER_PATHS = NO;
				CLANG_ANALYZER_NONNULL = YES;
				CLANG_ANALYZER_NUMBER_OBJECT_CONVERSION = YES_AGGRESSIVE;
				CLANG_CXX_LANGUAGE_STANDARD = "gnu++14";
				CLANG_CXX_LIBRARY = "libc++";
				CLANG_ENABLE_MODULES = YES;
				CLANG_ENABLE_OBJC_ARC = YES;
				CLANG_ENABLE_OBJC_WEAK = YES;
				CLANG_WARN_BLOCK_CAPTURE_AUTORELEASING = YES;
				CLANG_WARN_BOOL_CONVERSION = YES;
				CLANG_WARN_COMMA = YES;
				CLANG_WARN_CONSTANT_CONVERSION = YES;
				CLANG_WARN_DEPRECATED_OBJC_IMPLEMENTATIONS = YES;
				CLANG_WARN_DIRECT_OBJC_ISA_USAGE = YES_ERROR;
				CLANG_WARN_DOCUMENTATION_COMMENTS = YES;
				CLANG_WARN_EMPTY_BODY = YES;
				CLANG_WARN_ENUM_CONVERSION = YES;
				CLANG_WARN_INFINITE_RECURSION = YES;
				CLANG_WARN_INT_CONVERSION = YES;
				CLANG_WARN_NON_LITERAL_NULL_CONVERSION = YES;
				CLANG_WARN_OBJC_IMPLICIT_RETAIN_SELF = YES;
				CLANG_WARN_OBJC_LITERAL_CONVERSION = YES;
				CLANG_WARN_OBJC_ROOT_CLASS = YES_ERROR;
				CLANG_WARN_RANGE_LOOP_ANALYSIS = YES;
				CLANG_WARN_STRICT_PROTOTYPES = YES;
				CLANG_WARN_SUSPICIOUS_MOVE = YES;
				CLANG_WARN_UNGUARDED_AVAILABILITY = YES_AGGRESSIVE;
				CLANG_WARN_UNREACHABLE_CODE = YES;
				CLANG_WARN__DUPLICATE_METHOD_MATCH = YES;
				CODE_SIGN_IDENTITY = "iPhone Developer";
				COPY_PHASE_STRIP = NO;
				DEBUG_INFORMATION_FORMAT = "dwarf-with-dsym";
				ENABLE_NS_ASSERTIONS = NO;
				ENABLE_STRICT_OBJC_MSGSEND = YES;
				GCC_C_LANGUAGE_STANDARD = gnu11;
				GCC_NO_COMMON_BLOCKS = YES;
				GCC_WARN_64_TO_32_BIT_CONVERSION = YES;
				GCC_WARN_ABOUT_RETURN_TYPE = YES_ERROR;
				GCC_WARN_UNDECLARED_SELECTOR = YES;
				GCC_WARN_UNINITIALIZED_AUTOS = YES_AGGRESSIVE;
				GCC_WARN_UNUSED_FUNCTION = YES;
				GCC_WARN_UNUSED_VARIABLE = YES;
				IPHONEOS_DEPLOYMENT_TARGET = 12.2;
				MTL_ENABLE_DEBUG_INFO = NO;
				MTL_FAST_MATH = YES;
				SDKROOT = iphoneos;
				VALIDATE_PRODUCT = YES;
			};
			name = Release;
		};
		4B6AA3DA22C4641D0053970F /* Debug */ = {
			isa = XCBuildConfiguration;
			buildSettings = {
				ASSETCATALOG_COMPILER_APPICON_NAME = AppIcon;
				CODE_SIGN_STYLE = Automatic;
				DEVELOPMENT_TEAM = 8WG4VV675H;
				INFOPLIST_FILE = TextFieldFormat/Info.plist;
				LD_RUNPATH_SEARCH_PATHS = (
					"$(inherited)",
					"@executable_path/Frameworks",
				);
				PRODUCT_BUNDLE_IDENTIFIER = HouMeng.TextFieldFormat;
				PRODUCT_NAME = "$(TARGET_NAME)";
				TARGETED_DEVICE_FAMILY = "1,2";
			};
			name = Debug;
		};
		4B6AA3DB22C4641D0053970F /* Release */ = {
			isa = XCBuildConfiguration;
			buildSettings = {
				ASSETCATALOG_COMPILER_APPICON_NAME = AppIcon;
				CODE_SIGN_STYLE = Automatic;
				DEVELOPMENT_TEAM = 8WG4VV675H;
				INFOPLIST_FILE = TextFieldFormat/Info.plist;
				LD_RUNPATH_SEARCH_PATHS = (
					"$(inherited)",
					"@executable_path/Frameworks",
				);
				PRODUCT_BUNDLE_IDENTIFIER = HouMeng.TextFieldFormat;
				PRODUCT_NAME = "$(TARGET_NAME)";
				TARGETED_DEVICE_FAMILY = "1,2";
			};
			name = Release;
		};
		4B6AA3DD22C4641D0053970F /* Debug */ = {
			isa = XCBuildConfiguration;
			buildSettings = {
				BUNDLE_LOADER = "$(TEST_HOST)";
				CODE_SIGN_STYLE = Automatic;
				DEVELOPMENT_TEAM = 8WG4VV675H;
				INFOPLIST_FILE = TextFieldFormatTests/Info.plist;
				LD_RUNPATH_SEARCH_PATHS = (
					"$(inherited)",
					"@executable_path/Frameworks",
					"@loader_path/Frameworks",
				);
				PRODUCT_BUNDLE_IDENTIFIER = HouMeng.TextFieldFormatTests;
				PRODUCT_NAME = "$(TARGET_NAME)";
				TARGETED_DEVICE_FAMILY = "1,2";
				TEST_HOST = "$(BUILT_PRODUCTS_DIR)/TextFieldFormat.app/TextFieldFormat";
			};
			name = Debug;
		};
		4B6AA3DE22C4641D0053970F /* Release */ = {
			isa = XCBuildConfiguration;
			buildSettings = {
				BUNDLE_LOADER = "$(TEST_HOST)";
				CODE_SIGN_STYLE = Automatic;
				DEVELOPMENT_TEAM = 8WG4VV675H;
				INFOPLIST_FILE = TextFieldFormatTests/Info.plist;
				LD_RUNPATH_SEARCH_PATHS = (
					"$(inherited)",
					"@executable_path/Frameworks",
					"@loader_path/Frameworks",
				);
				PRODUCT_BUNDLE_IDENTIFIER = HouMeng.TextFieldFormatTests;
				PRODUCT_NAME = "$(TARGET_NAME)";
				TARGETED_DEVICE_FAMILY = "1,2";
				TEST_HOST = "$(BUILT_PRODUCTS_DIR)/TextFieldFormat.app/TextFieldFormat";
			};
			name = Release;
		};
		4B6AA3E022C4641D0053970F /* Debug */ = {
			isa = XCBuildConfiguration;
			buildSettings = {
				CODE_SIGN_STYLE = Automatic;
				DEVELOPMENT_TEAM = 8WG4VV675H;
				INFOPLIST_FILE = TextFieldFormatUITests/Info.plist;
				LD_RUNPATH_SEARCH_PATHS = (
					"$(inherited)",
					"@executable_path/Frameworks",
					"@loader_path/Frameworks",
				);
				PRODUCT_BUNDLE_IDENTIFIER = HouMeng.TextFieldFormatUITests;
				PRODUCT_NAME = "$(TARGET_NAME)";
				TARGETED_DEVICE_FAMILY = "1,2";
				TEST_TARGET_NAME = TextFieldFormat;
			};
			name = Debug;
		};
		4B6AA3E122C4641D0053970F /* Release */ = {
			isa = XCBuildConfiguration;
			buildSettings = {
				CODE_SIGN_STYLE = Automatic;
				DEVELOPMENT_TEAM = 8WG4VV675H;
				INFOPLIST_FILE = TextFieldFormatUITests/Info.plist;
				LD_RUNPATH_SEARCH_PATHS = (
					"$(inherited)",
					"@executable_path/Frameworks",
					"@loader_path/Frameworks",
				);
				PRODUCT_BUNDLE_IDENTIFIER = HouMeng.TextFieldFormatUITests;
				PRODUCT_NAME = "$(TARGET_NAME)";
				TARGETED_DEVICE_FAMILY = "1,2";
				TEST_TARGET_NAME = TextFieldFormat;
			};
			name = Release;
		};
/* End XCBuildConfiguration section */

/* Begin XCConfigurationList section */
		4B6AA3A822C4641B0053970F /* Build configuration list for PBXProject "TextFieldFormat" */ = {
			isa = XCConfigurationList;
			buildConfigurations = (
				4B6AA3D722C4641D0053970F /* Debug */,
				4B6AA3D822C4641D0053970F /* Release */,
			);
			defaultConfigurationIsVisible = 0;
			defaultConfigurationName = Release;
		};
		4B6AA3D922C4641D0053970F /* Build configuration list for PBXNativeTarget "TextFieldFormat" */ = {
			isa = XCConfigurationList;
			buildConfigurations = (
				4B6AA3DA22C4641D0053970F /* Debug */,
				4B6AA3DB22C4641D0053970F /* Release */,
			);
			defaultConfigurationIsVisible = 0;
			defaultConfigurationName = Release;
		};
		4B6AA3DC22C4641D0053970F /* Build configuration list for PBXNativeTarget "TextFieldFormatTests" */ = {
			isa = XCConfigurationList;
			buildConfigurations = (
				4B6AA3DD22C4641D0053970F /* Debug */,
				4B6AA3DE22C4641D0053970F /* Release */,
			);
			defaultConfigurationIsVisible = 0;
			defaultConfigurationName = Release;
		};
		4B6AA3DF22C4641D0053970F /* Build configuration list for PBXNativeTarget "TextFieldFormatUITests" */ = {
			isa = XCConfigurationList;
			buildConfigurations = (
				4B6AA3E022C4641D0053970F /* Debug */,
				4B6AA3E122C4641D0053970F /* Release */,
			);
			defaultConfigurationIsVisible = 0;
			defaultConfigurationName = Release;
		};
/* End XCConfigurationList section */
	};
	rootObject = 4B6AA3A522C4641B0053970F /* Project object */;
}
